
Microsoft Visual Studio Solution File, Format Version 12.00
# Visual Studio Version 17
VisualStudioVersion = 17.9.34723.18
MinimumVisualStudioVersion = 10.0.40219.1
Project("{9A19103F-16F7-4668-BE54-9A1E7A4F7556}") = "MarketingScheduler", "MarketingScheduler.csproj", "{E61E7D7F-A173-4B3A-8A00-A87F6F6F4F12}"
EndProject
Project("{9A19103F-16F7-4668-BE54-9A1E7A4F7556}") = "DataAccess", "..\DataAccess\DataAccess.csproj", "{607BBF90-4961-4457-A48B-1A38EF0C0807}"
EndProject
Project("{FAE04EC0-301F-11D3-BF4B-00C04F79EFBC}") = "Application", "..\Application\Application.csproj", "{C8B66F5D-CA3B-46CF-95E2-0F4BE3BBD0E1}"
EndProject
Global
	GlobalSection(SolutionConfigurationPlatforms) = preSolution
		Debug|Any CPU = Debug|Any CPU
		Release|Any CPU = Release|Any CPU
	EndGlobalSection
	GlobalSection(ProjectConfigurationPlatforms) = postSolution
		{E61E7D7F-A173-4B3A-8A00-A87F6F6F4F12}.Debug|Any CPU.ActiveCfg = Debug|Any CPU
		{E61E7D7F-A173-4B3A-8A00-A87F6F6F4F12}.Debug|Any CPU.Build.0 = Debug|Any CPU
		{E61E7D7F-A173-4B3A-8A00-A87F6F6F4F12}.Release|Any CPU.ActiveCfg = Release|Any CPU
		{E61E7D7F-A173-4B3A-8A00-A87F6F6F4F12}.Release|Any CPU.Build.0 = Release|Any CPU
		{607BBF90-4961-4457-A48B-1A38EF0C0807}.Debug|Any CPU.ActiveCfg = Debug|Any CPU
		{607BBF90-4961-4457-A48B-1A38EF0C0807}.Debug|Any CPU.Build.0 = Debug|Any CPU
		{607BBF90-4961-4457-A48B-1A38EF0C0807}.Release|Any CPU.ActiveCfg = Release|Any CPU
		{607BBF90-4961-4457-A48B-1A38EF0C0807}.Release|Any CPU.Build.0 = Release|Any CPU
		{C8B66F5D-CA3B-46CF-95E2-0F4BE3BBD0E1}.Debug|Any CPU.ActiveCfg = Debug|Any CPU
		{C8B66F5D-CA3B-46CF-95E2-0F4BE3BBD0E1}.Debug|Any CPU.Build.0 = Debug|Any CPU
		{C8B66F5D-CA3B-46CF-95E2-0F4BE3BBD0E1}.Release|Any CPU.ActiveCfg = Release|Any CPU
		{C8B66F5D-CA3B-46CF-95E2-0F4BE3BBD0E1}.Release|Any CPU.Build.0 = Release|Any CPU
	EndGlobalSection
	GlobalSection(SolutionProperties) = preSolution
		HideSolutionNode = FALSE
	EndGlobalSection
	GlobalSection(ExtensibilityGlobals) = postSolution
		SolutionGuid = {3D8B0060-122F-4455-9D19-C74E86552467}
	EndGlobalSection
EndGlobal
